
Microsoft Visual Studio Solution File, Format Version 12.00
# Visual Studio 15
VisualStudioVersion = 15.0.28307.572
MinimumVisualStudioVersion = 10.0.40219.1
Project("{FAE04EC0-301F-11D3-BF4B-00C04F79EFBC}") = "JsonSerializer", "JsonSerializer\JsonSerializer.csproj", "{372FB246-9EAB-4C67-9C28-9DFEE7A983D5}"
EndProject
Global
	GlobalSection(SolutionConfigurationPlatforms) = preSolution
		Debug|Any CPU = Debug|Any CPU
		Release|Any CPU = Release|Any CPU
	EndGlobalSection
	GlobalSection(ProjectConfigurationPlatforms) = postSolution
		{372FB246-9EAB-4C67-9C28-9DFEE7A983D5}.Debug|Any CPU.ActiveCfg = Debug|Any CPU
		{372FB246-9EAB-4C67-9C28-9DFEE7A983D5}.Debug|Any CPU.Build.0 = Debug|Any CPU
		{372FB246-9EAB-4C67-9C28-9DFEE7A983D5}.Release|Any CPU.ActiveCfg = Release|Any CPU
		{372FB246-9EAB-4C67-9C28-9DFEE7A983D5}.Release|Any CPU.Build.0 = Release|Any CPU
	EndGlobalSection
	GlobalSection(SolutionProperties) = preSolution
		HideSolutionNode = FALSE
	EndGlobalSection
	GlobalSection(ExtensibilityGlobals) = postSolution
		SolutionGuid = {745789D7-EB89-4707-9125-3529B4F55D9B}
	EndGlobalSection
EndGlobal
